<?xml version="1.0" encoding="utf-8"?>
<Project ToolsVersion="4.0" xmlns="http://schemas.microsoft.com/developer/msbuild/2003">
  <ItemGroup>
    <Filter Include="Header Files">
      <UniqueIdentifier>{1d751c95-cffb-4b48-b45d-28b0f2b17be0}</UniqueIdentifier>
    </Filter>
    <Filter Include="Source Files">
      <UniqueIdentifier>{414800eb-ce83-4b94-bdef-4b989868cc4a}</UniqueIdentifier>
    </Filter>
  </ItemGroup>
  <ItemGroup>
    <ClInclude Include="Coloring.cuh">
      <Filter>Header Files</Filter>
    </ClInclude>
    <ClInclude Include="ColorKernels.cuh">
      <Filter>Header Files</Filter>
    </ClInclude>
    <ClInclude Include="DeviceCode.cuh">
      <Filter>Header Files</Filter>
    </ClInclude>
    <ClInclude Include="FractalKernels.cuh">
      <Filter>Header Files</Filter>
    </ClInclude>
    <ClInclude Include="Super.h">
      <Filter>Header Files</Filter>
    </ClInclude>
  </ItemGroup>
  <ItemGroup>
    <CudaCompile Include="ColorKernels.cu">
      <Filter>Source Files</Filter>
    </CudaCompile>
    <CudaCompile Include="DeviceCode.cu">
      <Filter>Source Files</Filter>
    </CudaCompile>
    <CudaCompile Include="FractalKernels.cu">
      <Filter>Source Files</Filter>
    </CudaCompile>
  </ItemGroup>
</Project>