<?xml version="1.0" encoding="utf-8"?>
<Project ToolsVersion="4.0" xmlns="http://schemas.microsoft.com/developer/msbuild/2003">
  <ItemGroup>
    <CudaCompile Include="DeviceCode.cu">
      <Filter>Source Files</Filter>
    </CudaCompile>
    <CudaCompile Include="FractalKernels.cu">
      <Filter>Source Files</Filter>
    </CudaCompile>
    <CudaCompile Include="XMLParse.cpp">
      <Filter>Source Files</Filter>
    </CudaCompile>
    <CudaCompile Include="Presets.cpp">
      <Filter>Source Files</Filter>
    </CudaCompile>
  </ItemGroup>
  <ItemGroup>
    <ClInclude Include="Coloring.cuh">
      <Filter>Header Files</Filter>
    </ClInclude>
    <ClInclude Include="DeviceCode.cuh">
      <Filter>Header Files</Filter>
    </ClInclude>
    <ClInclude Include="lodepng.h">
      <Filter>Header Files</Filter>
    </ClInclude>
    <ClInclude Include="FractalKernels.cuh">
      <Filter>Header Files</Filter>
    </ClInclude>
    <ClInclude Include="Generate.h">
      <Filter>Header Files</Filter>
    </ClInclude>
    <ClInclude Include="XMLParse.h">
      <Filter>Header Files</Filter>
    </ClInclude>
    <ClInclude Include="Presets.h">
      <Filter>Header Files</Filter>
    </ClInclude>
    <ClInclude Include="Super.h">
      <Filter>Header Files</Filter>
    </ClInclude>
  </ItemGroup>
  <ItemGroup>
    <Filter Include="Header Files">
      <UniqueIdentifier>{f5af3851-74ae-4314-8ad7-819e98aead6a}</UniqueIdentifier>
    </Filter>
    <Filter Include="Source Files">
      <UniqueIdentifier>{e5d6d120-f47a-4706-93e3-a913fc4ff799}</UniqueIdentifier>
    </Filter>
  </ItemGroup>
  <ItemGroup>
    <ClCompile Include="lodepng.cpp">
      <Filter>Source Files</Filter>
    </ClCompile>
    <ClCompile Include="Generate.cpp">
      <Filter>Source Files</Filter>
    </ClCompile>
    <ClCompile Include="Main.cpp">
      <Filter>Source Files</Filter>
    </ClCompile>
  </ItemGroup>
</Project>